// !$*UTF8*$!
{
	archiveVersion = 1;
	classes = {
	};
	objectVersion = 51;
	objects = {

/* Begin PBXBuildFile section */
		004E8953E4AA1F79715ED07B /* Pods_NewsApp.framework in Frameworks */ = {isa = PBXBuildFile; fileRef = FB61F3D8AC44F474FB2D1C4B /* Pods_NewsApp.framework */; };
		525D9854261E2EA000B57CBD /* AppCoordinator.swift in Sources */ = {isa = PBXBuildFile; fileRef = 525D9853261E2EA000B57CBD /* AppCoordinator.swift */; };
		525D985A261E31EF00B57CBD /* UIViewController+extensions.swift in Sources */ = {isa = PBXBuildFile; fileRef = 525D9859261E31EF00B57CBD /* UIViewController+extensions.swift */; };
		525D9865261E32E300B57CBD /* NewsListViewController.swift in Sources */ = {isa = PBXBuildFile; fileRef = 525D9863261E32E300B57CBD /* NewsListViewController.swift */; };
		525D9866261E32E300B57CBD /* NewsListViewController.xib in Resources */ = {isa = PBXBuildFile; fileRef = 525D9864261E32E300B57CBD /* NewsListViewController.xib */; };
		525D9872261E33C500B57CBD /* NewsDetailViewController.swift in Sources */ = {isa = PBXBuildFile; fileRef = 525D9870261E33C500B57CBD /* NewsDetailViewController.swift */; };
		525D9873261E33C500B57CBD /* NewsDetailViewController.xib in Resources */ = {isa = PBXBuildFile; fileRef = 525D9871261E33C500B57CBD /* NewsDetailViewController.xib */; };
		527A3011261F5A95003EED06 /* UITableView+extensions.swift in Sources */ = {isa = PBXBuildFile; fileRef = 527A3010261F5A95003EED06 /* UITableView+extensions.swift */; };
		527A3016261F5AF4003EED06 /* NewsTableViewCell.swift in Sources */ = {isa = PBXBuildFile; fileRef = 527A3014261F5AF4003EED06 /* NewsTableViewCell.swift */; };
		527A3017261F5AF4003EED06 /* NewsTableViewCell.xib in Resources */ = {isa = PBXBuildFile; fileRef = 527A3015261F5AF4003EED06 /* NewsTableViewCell.xib */; };
		528E5B8E261DED7D0025D31B /* AppDelegate.swift in Sources */ = {isa = PBXBuildFile; fileRef = 528E5B8D261DED7D0025D31B /* AppDelegate.swift */; };
		528E5B90261DED7D0025D31B /* SceneDelegate.swift in Sources */ = {isa = PBXBuildFile; fileRef = 528E5B8F261DED7D0025D31B /* SceneDelegate.swift */; };
		528E5B97261DED7E0025D31B /* Assets.xcassets in Resources */ = {isa = PBXBuildFile; fileRef = 528E5B96261DED7E0025D31B /* Assets.xcassets */; };
		528E5B9A261DED7E0025D31B /* LaunchScreen.storyboard in Resources */ = {isa = PBXBuildFile; fileRef = 528E5B98261DED7E0025D31B /* LaunchScreen.storyboard */; };
/* End PBXBuildFile section */

/* Begin PBXFileReference section */
		3DEFC16E1E0449E162FAC61B /* Pods-NewsApp.release.xcconfig */ = {isa = PBXFileReference; includeInIndex = 1; lastKnownFileType = text.xcconfig; name = "Pods-NewsApp.release.xcconfig"; path = "Target Support Files/Pods-NewsApp/Pods-NewsApp.release.xcconfig"; sourceTree = "<group>"; };
		525D9853261E2EA000B57CBD /* AppCoordinator.swift */ = {isa = PBXFileReference; lastKnownFileType = sourcecode.swift; path = AppCoordinator.swift; sourceTree = "<group>"; };
		525D9859261E31EF00B57CBD /* UIViewController+extensions.swift */ = {isa = PBXFileReference; lastKnownFileType = sourcecode.swift; path = "UIViewController+extensions.swift"; sourceTree = "<group>"; };
		525D9863261E32E300B57CBD /* NewsListViewController.swift */ = {isa = PBXFileReference; lastKnownFileType = sourcecode.swift; path = NewsListViewController.swift; sourceTree = "<group>"; };
		525D9864261E32E300B57CBD /* NewsListViewController.xib */ = {isa = PBXFileReference; lastKnownFileType = file.xib; path = NewsListViewController.xib; sourceTree = "<group>"; };
		525D9870261E33C500B57CBD /* NewsDetailViewController.swift */ = {isa = PBXFileReference; lastKnownFileType = sourcecode.swift; path = NewsDetailViewController.swift; sourceTree = "<group>"; };
		525D9871261E33C500B57CBD /* NewsDetailViewController.xib */ = {isa = PBXFileReference; lastKnownFileType = file.xib; path = NewsDetailViewController.xib; sourceTree = "<group>"; };
		527A3010261F5A95003EED06 /* UITableView+extensions.swift */ = {isa = PBXFileReference; lastKnownFileType = sourcecode.swift; path = "UITableView+extensions.swift"; sourceTree = "<group>"; };
		527A3014261F5AF4003EED06 /* NewsTableViewCell.swift */ = {isa = PBXFileReference; lastKnownFileType = sourcecode.swift; path = NewsTableViewCell.swift; sourceTree = "<group>"; };
		527A3015261F5AF4003EED06 /* NewsTableViewCell.xib */ = {isa = PBXFileReference; lastKnownFileType = file.xib; path = NewsTableViewCell.xib; sourceTree = "<group>"; };
		528E5B8A261DED7D0025D31B /* NewsApp.app */ = {isa = PBXFileReference; explicitFileType = wrapper.application; includeInIndex = 0; path = NewsApp.app; sourceTree = BUILT_PRODUCTS_DIR; };
		528E5B8D261DED7D0025D31B /* AppDelegate.swift */ = {isa = PBXFileReference; lastKnownFileType = sourcecode.swift; path = AppDelegate.swift; sourceTree = "<group>"; };
		528E5B8F261DED7D0025D31B /* SceneDelegate.swift */ = {isa = PBXFileReference; lastKnownFileType = sourcecode.swift; path = SceneDelegate.swift; sourceTree = "<group>"; };
		528E5B96261DED7E0025D31B /* Assets.xcassets */ = {isa = PBXFileReference; lastKnownFileType = folder.assetcatalog; path = Assets.xcassets; sourceTree = "<group>"; };
		528E5B99261DED7E0025D31B /* Base */ = {isa = PBXFileReference; lastKnownFileType = file.storyboard; name = Base; path = Base.lproj/LaunchScreen.storyboard; sourceTree = "<group>"; };
		528E5B9B261DED7E0025D31B /* Info.plist */ = {isa = PBXFileReference; lastKnownFileType = text.plist.xml; path = Info.plist; sourceTree = "<group>"; };
		F8CB7A0EC71F9AF8DDDB35A5 /* Pods-NewsApp.debug.xcconfig */ = {isa = PBXFileReference; includeInIndex = 1; lastKnownFileType = text.xcconfig; name = "Pods-NewsApp.debug.xcconfig"; path = "Target Support Files/Pods-NewsApp/Pods-NewsApp.debug.xcconfig"; sourceTree = "<group>"; };
		FB61F3D8AC44F474FB2D1C4B /* Pods_NewsApp.framework */ = {isa = PBXFileReference; explicitFileType = wrapper.framework; includeInIndex = 0; path = Pods_NewsApp.framework; sourceTree = BUILT_PRODUCTS_DIR; };
/* End PBXFileReference section */

/* Begin PBXFrameworksBuildPhase section */
		528E5B87261DED7D0025D31B /* Frameworks */ = {
			isa = PBXFrameworksBuildPhase;
			buildActionMask = 2147483647;
			files = (
				004E8953E4AA1F79715ED07B /* Pods_NewsApp.framework in Frameworks */,
			);
			runOnlyForDeploymentPostprocessing = 0;
		};
/* End PBXFrameworksBuildPhase section */

/* Begin PBXGroup section */
		415686961B9358AD5052B290 /* Frameworks */ = {
			isa = PBXGroup;
			children = (
				FB61F3D8AC44F474FB2D1C4B /* Pods_NewsApp.framework */,
			);
			name = Frameworks;
			sourceTree = "<group>";
		};
		525D9858261E31DA00B57CBD /* Extensions */ = {
			isa = PBXGroup;
			children = (
				525D9859261E31EF00B57CBD /* UIViewController+extensions.swift */,
				527A3010261F5A95003EED06 /* UITableView+extensions.swift */,
			);
			path = Extensions;
			sourceTree = "<group>";
		};
		525D985C261E31FB00B57CBD /* NewsList */ = {
			isa = PBXGroup;
			children = (
				527A3013261F5ADA003EED06 /* Cell */,
				525D9863261E32E300B57CBD /* NewsListViewController.swift */,
				525D9864261E32E300B57CBD /* NewsListViewController.xib */,
			);
			path = NewsList;
			sourceTree = "<group>";
		};
		525D986B261E334600B57CBD /* Resourses */ = {
			isa = PBXGroup;
			children = (
				528E5B96261DED7E0025D31B /* Assets.xcassets */,
				528E5B98261DED7E0025D31B /* LaunchScreen.storyboard */,
			);
			path = Resourses;
			sourceTree = "<group>";
		};
		525D986C261E336100B57CBD /* Screens */ = {
			isa = PBXGroup;
			children = (
				525D985C261E31FB00B57CBD /* NewsList */,
				525D986F261E339800B57CBD /* NewsDetail */,
			);
			path = Screens;
			sourceTree = "<group>";
		};
		525D986D261E336E00B57CBD /* Coordinator */ = {
			isa = PBXGroup;
			children = (
				525D9853261E2EA000B57CBD /* AppCoordinator.swift */,
			);
			path = Coordinator;
			sourceTree = "<group>";
		};
		525D986E261E338400B57CBD /* Application */ = {
			isa = PBXGroup;
			children = (
				528E5B8D261DED7D0025D31B /* AppDelegate.swift */,
				528E5B8F261DED7D0025D31B /* SceneDelegate.swift */,
				528E5B9B261DED7E0025D31B /* Info.plist */,
			);
			path = Application;
			sourceTree = "<group>";
		};
		525D986F261E339800B57CBD /* NewsDetail */ = {
			isa = PBXGroup;
			children = (
				525D9870261E33C500B57CBD /* NewsDetailViewController.swift */,
				525D9871261E33C500B57CBD /* NewsDetailViewController.xib */,
			);
			path = NewsDetail;
			sourceTree = "<group>";
		};
		527A3013261F5ADA003EED06 /* Cell */ = {
			isa = PBXGroup;
			children = (
				527A3014261F5AF4003EED06 /* NewsTableViewCell.swift */,
				527A3015261F5AF4003EED06 /* NewsTableViewCell.xib */,
			);
			path = Cell;
			sourceTree = "<group>";
		};
		528E5B81261DED7D0025D31B = {
			isa = PBXGroup;
			children = (
				528E5B8C261DED7D0025D31B /* NewsApp */,
				528E5B8B261DED7D0025D31B /* Products */,
				8E9B7F86E74BC0B373924A32 /* Pods */,
				415686961B9358AD5052B290 /* Frameworks */,
			);
			sourceTree = "<group>";
		};
		528E5B8B261DED7D0025D31B /* Products */ = {
			isa = PBXGroup;
			children = (
				528E5B8A261DED7D0025D31B /* NewsApp.app */,
			);
			name = Products;
			sourceTree = "<group>";
		};
		528E5B8C261DED7D0025D31B /* NewsApp */ = {
			isa = PBXGroup;
			children = (
				525D986E261E338400B57CBD /* Application */,
				525D986D261E336E00B57CBD /* Coordinator */,
				525D986C261E336100B57CBD /* Screens */,
				525D9858261E31DA00B57CBD /* Extensions */,
				525D986B261E334600B57CBD /* Resourses */,
			);
			path = NewsApp;
			sourceTree = "<group>";
		};
		8E9B7F86E74BC0B373924A32 /* Pods */ = {
			isa = PBXGroup;
			children = (
				F8CB7A0EC71F9AF8DDDB35A5 /* Pods-NewsApp.debug.xcconfig */,
				3DEFC16E1E0449E162FAC61B /* Pods-NewsApp.release.xcconfig */,
			);
			path = Pods;
			sourceTree = "<group>";
		};
/* End PBXGroup section */

/* Begin PBXNativeTarget section */
		528E5B89261DED7D0025D31B /* NewsApp */ = {
			isa = PBXNativeTarget;
			buildConfigurationList = 528E5B9E261DED7E0025D31B /* Build configuration list for PBXNativeTarget "NewsApp" */;
			buildPhases = (
				527A3009261F34FF003EED06 /* ShellScript */,
				E610A218167F9049A9A31C51 /* [CP] Check Pods Manifest.lock */,
				528E5B86261DED7D0025D31B /* Sources */,
				528E5B87261DED7D0025D31B /* Frameworks */,
				528E5B88261DED7D0025D31B /* Resources */,
				9DA51D463CA7FA81D951F925 /* [CP] Embed Pods Frameworks */,
			);
			buildRules = (
			);
			dependencies = (
			);
			name = NewsApp;
			productName = NewsApp;
			productReference = 528E5B8A261DED7D0025D31B /* NewsApp.app */;
			productType = "com.apple.product-type.application";
		};
/* End PBXNativeTarget section */

/* Begin PBXProject section */
		528E5B82261DED7D0025D31B /* Project object */ = {
			isa = PBXProject;
			attributes = {
				LastSwiftUpdateCheck = 1220;
				LastUpgradeCheck = 1220;
				TargetAttributes = {
					528E5B89261DED7D0025D31B = {
						CreatedOnToolsVersion = 12.2;
					};
				};
			};
			buildConfigurationList = 528E5B85261DED7D0025D31B /* Build configuration list for PBXProject "NewsApp" */;
			compatibilityVersion = "Xcode 9.3";
			developmentRegion = en;
			hasScannedForEncodings = 0;
			knownRegions = (
				en,
				Base,
			);
			mainGroup = 528E5B81261DED7D0025D31B;
			productRefGroup = 528E5B8B261DED7D0025D31B /* Products */;
			projectDirPath = "";
			projectRoot = "";
			targets = (
				528E5B89261DED7D0025D31B /* NewsApp */,
			);
		};
/* End PBXProject section */

/* Begin PBXResourcesBuildPhase section */
		528E5B88261DED7D0025D31B /* Resources */ = {
			isa = PBXResourcesBuildPhase;
			buildActionMask = 2147483647;
			files = (
				525D9873261E33C500B57CBD /* NewsDetailViewController.xib in Resources */,
				528E5B9A261DED7E0025D31B /* LaunchScreen.storyboard in Resources */,
				525D9866261E32E300B57CBD /* NewsListViewController.xib in Resources */,
				528E5B97261DED7E0025D31B /* Assets.xcassets in Resources */,
				527A3017261F5AF4003EED06 /* NewsTableViewCell.xib in Resources */,
			);
			runOnlyForDeploymentPostprocessing = 0;
		};
/* End PBXResourcesBuildPhase section */

/* Begin PBXShellScriptBuildPhase section */
		527A3009261F34FF003EED06 /* ShellScript */ = {
			isa = PBXShellScriptBuildPhase;
			buildActionMask = 2147483647;
			files = (
			);
			inputFileListPaths = (
			);
			inputPaths = (
			);
			outputFileListPaths = (
			);
			outputPaths = (
			);
			runOnlyForDeploymentPostprocessing = 0;
			shellPath = /bin/sh;
			shellScript = "${PODS_ROOT}/SwiftLint/swiftlint\n";
		};
		9DA51D463CA7FA81D951F925 /* [CP] Embed Pods Frameworks */ = {
			isa = PBXShellScriptBuildPhase;
			buildActionMask = 2147483647;
			files = (
			);
			inputFileListPaths = (
				"${PODS_ROOT}/Target Support Files/Pods-NewsApp/Pods-NewsApp-frameworks-${CONFIGURATION}-input-files.xcfilelist",
			);
			name = "[CP] Embed Pods Frameworks";
			outputFileListPaths = (
				"${PODS_ROOT}/Target Support Files/Pods-NewsApp/Pods-NewsApp-frameworks-${CONFIGURATION}-output-files.xcfilelist",
			);
			runOnlyForDeploymentPostprocessing = 0;
			shellPath = /bin/sh;
			shellScript = "\"${PODS_ROOT}/Target Support Files/Pods-NewsApp/Pods-NewsApp-frameworks.sh\"\n";
			showEnvVarsInLog = 0;
		};
		E610A218167F9049A9A31C51 /* [CP] Check Pods Manifest.lock */ = {
			isa = PBXShellScriptBuildPhase;
			buildActionMask = 2147483647;
			files = (
			);
			inputFileListPaths = (
			);
			inputPaths = (
				"${PODS_PODFILE_DIR_PATH}/Podfile.lock",
				"${PODS_ROOT}/Manifest.lock",
			);
			name = "[CP] Check Pods Manifest.lock";
			outputFileListPaths = (
			);
			outputPaths = (
				"$(DERIVED_FILE_DIR)/Pods-NewsApp-checkManifestLockResult.txt",
			);
			runOnlyForDeploymentPostprocessing = 0;
			shellPath = /bin/sh;
			shellScript = "diff \"${PODS_PODFILE_DIR_PATH}/Podfile.lock\" \"${PODS_ROOT}/Manifest.lock\" > /dev/null\nif [ $? != 0 ] ; then\n    # print error to STDERR\n    echo \"error: The sandbox is not in sync with the Podfile.lock. Run 'pod install' or update your CocoaPods installation.\" >&2\n    exit 1\nfi\n# This output is used by Xcode 'outputs' to avoid re-running this script phase.\necho \"SUCCESS\" > \"${SCRIPT_OUTPUT_FILE_0}\"\n";
			showEnvVarsInLog = 0;
		};
/* End PBXShellScriptBuildPhase section */

/* Begin PBXSourcesBuildPhase section */
		528E5B86261DED7D0025D31B /* Sources */ = {
			isa = PBXSourcesBuildPhase;
			buildActionMask = 2147483647;
			files = (
				525D9872261E33C500B57CBD /* NewsDetailViewController.swift in Sources */,
				525D9865261E32E300B57CBD /* NewsListViewController.swift in Sources */,
				527A3016261F5AF4003EED06 /* NewsTableViewCell.swift in Sources */,
				527A3011261F5A95003EED06 /* UITableView+extensions.swift in Sources */,
				525D985A261E31EF00B57CBD /* UIViewController+extensions.swift in Sources */,
				525D9854261E2EA000B57CBD /* AppCoordinator.swift in Sources */,
				528E5B8E261DED7D0025D31B /* AppDelegate.swift in Sources */,
				528E5B90261DED7D0025D31B /* SceneDelegate.swift in Sources */,
			);
			runOnlyForDeploymentPostprocessing = 0;
		};
/* End PBXSourcesBuildPhase section */

/* Begin PBXVariantGroup section */
		528E5B98261DED7E0025D31B /* LaunchScreen.storyboard */ = {
			isa = PBXVariantGroup;
			children = (
				528E5B99261DED7E0025D31B /* Base */,
			);
			name = LaunchScreen.storyboard;
			sourceTree = "<group>";
		};
/* End PBXVariantGroup section */

/* Begin XCBuildConfiguration section */
		528E5B9C261DED7E0025D31B /* Debug */ = {
			isa = XCBuildConfiguration;
			buildSettings = {
				ALWAYS_SEARCH_USER_PATHS = NO;
				CLANG_ANALYZER_NONNULL = YES;
				CLANG_ANALYZER_NUMBER_OBJECT_CONVERSION = YES_AGGRESSIVE;
				CLANG_CXX_LANGUAGE_STANDARD = "gnu++14";
				CLANG_CXX_LIBRARY = "libc++";
				CLANG_ENABLE_MODULES = YES;
				CLANG_ENABLE_OBJC_ARC = YES;
				CLANG_ENABLE_OBJC_WEAK = YES;
				CLANG_WARN_BLOCK_CAPTURE_AUTORELEASING = YES;
				CLANG_WARN_BOOL_CONVERSION = YES;
				CLANG_WARN_COMMA = YES;
				CLANG_WARN_CONSTANT_CONVERSION = YES;
				CLANG_WARN_DEPRECATED_OBJC_IMPLEMENTATIONS = YES;
				CLANG_WARN_DIRECT_OBJC_ISA_USAGE = YES_ERROR;
				CLANG_WARN_DOCUMENTATION_COMMENTS = YES;
				CLANG_WARN_EMPTY_BODY = YES;
				CLANG_WARN_ENUM_CONVERSION = YES;
				CLANG_WARN_INFINITE_RECURSION = YES;
				CLANG_WARN_INT_CONVERSION = YES;
				CLANG_WARN_NON_LITERAL_NULL_CONVERSION = YES;
				CLANG_WARN_OBJC_IMPLICIT_RETAIN_SELF = YES;
				CLANG_WARN_OBJC_LITERAL_CONVERSION = YES;
				CLANG_WARN_OBJC_ROOT_CLASS = YES_ERROR;
				CLANG_WARN_QUOTED_INCLUDE_IN_FRAMEWORK_HEADER = YES;
				CLANG_WARN_RANGE_LOOP_ANALYSIS = YES;
				CLANG_WARN_STRICT_PROTOTYPES = YES;
				CLANG_WARN_SUSPICIOUS_MOVE = YES;
				CLANG_WARN_UNGUARDED_AVAILABILITY = YES_AGGRESSIVE;
				CLANG_WARN_UNREACHABLE_CODE = YES;
				CLANG_WARN__DUPLICATE_METHOD_MATCH = YES;
				COPY_PHASE_STRIP = NO;
				DEBUG_INFORMATION_FORMAT = dwarf;
				ENABLE_STRICT_OBJC_MSGSEND = YES;
				ENABLE_TESTABILITY = YES;
				GCC_C_LANGUAGE_STANDARD = gnu11;
				GCC_DYNAMIC_NO_PIC = NO;
				GCC_NO_COMMON_BLOCKS = YES;
				GCC_OPTIMIZATION_LEVEL = 0;
				GCC_PREPROCESSOR_DEFINITIONS = (
					"DEBUG=1",
					"$(inherited)",
				);
				GCC_WARN_64_TO_32_BIT_CONVERSION = YES;
				GCC_WARN_ABOUT_RETURN_TYPE = YES_ERROR;
				GCC_WARN_UNDECLARED_SELECTOR = YES;
				GCC_WARN_UNINITIALIZED_AUTOS = YES_AGGRESSIVE;
				GCC_WARN_UNUSED_FUNCTION = YES;
				GCC_WARN_UNUSED_VARIABLE = YES;
				IPHONEOS_DEPLOYMENT_TARGET = 14.2;
				MTL_ENABLE_DEBUG_INFO = INCLUDE_SOURCE;
				MTL_FAST_MATH = YES;
				ONLY_ACTIVE_ARCH = YES;
				SDKROOT = iphoneos;
				SWIFT_ACTIVE_COMPILATION_CONDITIONS = DEBUG;
				SWIFT_OPTIMIZATION_LEVEL = "-Onone";
			};
			name = Debug;
		};
		528E5B9D261DED7E0025D31B /* Release */ = {
			isa = XCBuildConfiguration;
			buildSettings = {
				ALWAYS_SEARCH_USER_PATHS = NO;
				CLANG_ANALYZER_NONNULL = YES;
				CLANG_ANALYZER_NUMBER_OBJECT_CONVERSION = YES_AGGRESSIVE;
				CLANG_CXX_LANGUAGE_STANDARD = "gnu++14";
				CLANG_CXX_LIBRARY = "libc++";
				CLANG_ENABLE_MODULES = YES;
				CLANG_ENABLE_OBJC_ARC = YES;
				CLANG_ENABLE_OBJC_WEAK = YES;
				CLANG_WARN_BLOCK_CAPTURE_AUTORELEASING = YES;
				CLANG_WARN_BOOL_CONVERSION = YES;
				CLANG_WARN_COMMA = YES;
				CLANG_WARN_CONSTANT_CONVERSION = YES;
				CLANG_WARN_DEPRECATED_OBJC_IMPLEMENTATIONS = YES;
				CLANG_WARN_DIRECT_OBJC_ISA_USAGE = YES_ERROR;
				CLANG_WARN_DOCUMENTATION_COMMENTS = YES;
				CLANG_WARN_EMPTY_BODY = YES;
				CLANG_WARN_ENUM_CONVERSION = YES;
				CLANG_WARN_INFINITE_RECURSION = YES;
				CLANG_WARN_INT_CONVERSION = YES;
				CLANG_WARN_NON_LITERAL_NULL_CONVERSION = YES;
				CLANG_WARN_OBJC_IMPLICIT_RETAIN_SELF = YES;
				CLANG_WARN_OBJC_LITERAL_CONVERSION = YES;
				CLANG_WARN_OBJC_ROOT_CLASS = YES_ERROR;
				CLANG_WARN_QUOTED_INCLUDE_IN_FRAMEWORK_HEADER = YES;
				CLANG_WARN_RANGE_LOOP_ANALYSIS = YES;
				CLANG_WARN_STRICT_PROTOTYPES = YES;
				CLANG_WARN_SUSPICIOUS_MOVE = YES;
				CLANG_WARN_UNGUARDED_AVAILABILITY = YES_AGGRESSIVE;
				CLANG_WARN_UNREACHABLE_CODE = YES;
				CLANG_WARN__DUPLICATE_METHOD_MATCH = YES;
				COPY_PHASE_STRIP = NO;
				DEBUG_INFORMATION_FORMAT = "dwarf-with-dsym";
				ENABLE_NS_ASSERTIONS = NO;
				ENABLE_STRICT_OBJC_MSGSEND = YES;
				GCC_C_LANGUAGE_STANDARD = gnu11;
				GCC_NO_COMMON_BLOCKS = YES;
				GCC_WARN_64_TO_32_BIT_CONVERSION = YES;
				GCC_WARN_ABOUT_RETURN_TYPE = YES_ERROR;
				GCC_WARN_UNDECLARED_SELECTOR = YES;
				GCC_WARN_UNINITIALIZED_AUTOS = YES_AGGRESSIVE;
				GCC_WARN_UNUSED_FUNCTION = YES;
				GCC_WARN_UNUSED_VARIABLE = YES;
				IPHONEOS_DEPLOYMENT_TARGET = 14.2;
				MTL_ENABLE_DEBUG_INFO = NO;
				MTL_FAST_MATH = YES;
				SDKROOT = iphoneos;
				SWIFT_COMPILATION_MODE = wholemodule;
				SWIFT_OPTIMIZATION_LEVEL = "-O";
				VALIDATE_PRODUCT = YES;
			};
			name = Release;
		};
		528E5B9F261DED7E0025D31B /* Debug */ = {
			isa = XCBuildConfiguration;
			baseConfigurationReference = F8CB7A0EC71F9AF8DDDB35A5 /* Pods-NewsApp.debug.xcconfig */;
			buildSettings = {
				ASSETCATALOG_COMPILER_APPICON_NAME = AppIcon;
				ASSETCATALOG_COMPILER_GLOBAL_ACCENT_COLOR_NAME = AccentColor;
				CODE_SIGN_STYLE = Automatic;
				INFOPLIST_FILE = NewsApp/Application/Info.plist;
				LD_RUNPATH_SEARCH_PATHS = (
					"$(inherited)",
					"@executable_path/Frameworks",
				);
				PRODUCT_BUNDLE_IDENTIFIER = com.skarev.NewsApp;
				PRODUCT_NAME = "$(TARGET_NAME)";
				SWIFT_VERSION = 5.0;
				TARGETED_DEVICE_FAMILY = "1,2";
			};
			name = Debug;
		};
		528E5BA0261DED7E0025D31B /* Release */ = {
			isa = XCBuildConfiguration;
			baseConfigurationReference = 3DEFC16E1E0449E162FAC61B /* Pods-NewsApp.release.xcconfig */;
			buildSettings = {
				ASSETCATALOG_COMPILER_APPICON_NAME = AppIcon;
				ASSETCATALOG_COMPILER_GLOBAL_ACCENT_COLOR_NAME = AccentColor;
				CODE_SIGN_STYLE = Automatic;
				INFOPLIST_FILE = NewsApp/Application/Info.plist;
				LD_RUNPATH_SEARCH_PATHS = (
					"$(inherited)",
					"@executable_path/Frameworks",
				);
				PRODUCT_BUNDLE_IDENTIFIER = com.skarev.NewsApp;
				PRODUCT_NAME = "$(TARGET_NAME)";
				SWIFT_VERSION = 5.0;
				TARGETED_DEVICE_FAMILY = "1,2";
			};
			name = Release;
		};
/* End XCBuildConfiguration section */

/* Begin XCConfigurationList section */
		528E5B85261DED7D0025D31B /* Build configuration list for PBXProject "NewsApp" */ = {
			isa = XCConfigurationList;
			buildConfigurations = (
				528E5B9C261DED7E0025D31B /* Debug */,
				528E5B9D261DED7E0025D31B /* Release */,
			);
			defaultConfigurationIsVisible = 0;
			defaultConfigurationName = Release;
		};
		528E5B9E261DED7E0025D31B /* Build configuration list for PBXNativeTarget "NewsApp" */ = {
			isa = XCConfigurationList;
			buildConfigurations = (
				528E5B9F261DED7E0025D31B /* Debug */,
				528E5BA0261DED7E0025D31B /* Release */,
			);
			defaultConfigurationIsVisible = 0;
			defaultConfigurationName = Release;
		};
/* End XCConfigurationList section */
	};
	rootObject = 528E5B82261DED7D0025D31B /* Project object */;
}
